// !$*UTF8*$!
{
	archiveVersion = 1;
	classes = {
	};
	objectVersion = 51;
	objects = {

/* Begin PBXBuildFile section */
		49E531252472A2A634D58405 /* Pods_TiSDKDemo.framework in Frameworks */ = {isa = PBXBuildFile; fileRef = 25BCA267E3805B2041CE1707 /* Pods_TiSDKDemo.framework */; };
		7557407D230F7DFC00F7591C /* AppDelegate.m in Sources */ = {isa = PBXBuildFile; fileRef = 7557407C230F7DFC00F7591C /* AppDelegate.m */; };
		75574083230F7DFC00F7591C /* Main.storyboard in Resources */ = {isa = PBXBuildFile; fileRef = 75574081230F7DFC00F7591C /* Main.storyboard */; };
		75574088230F7DFE00F7591C /* LaunchScreen.storyboard in Resources */ = {isa = PBXBuildFile; fileRef = 75574086230F7DFE00F7591C /* LaunchScreen.storyboard */; };
		7557408B230F7DFE00F7591C /* main.m in Sources */ = {isa = PBXBuildFile; fileRef = 7557408A230F7DFE00F7591C /* main.m */; };
		75FCB27F23274CB100BCCA66 /* libc++.tbd in Frameworks */ = {isa = PBXBuildFile; fileRef = 75FCB27E23274CB100BCCA66 /* libc++.tbd */; };
		75FCB28123274CBD00BCCA66 /* AssetsLibrary.framework in Frameworks */ = {isa = PBXBuildFile; fileRef = 75FCB28023274CBD00BCCA66 /* AssetsLibrary.framework */; };
		E3505C9F25E4DD58004C81ED /* TiCaptureSessionManager.m in Sources */ = {isa = PBXBuildFile; fileRef = E3505C9E25E4DD58004C81ED /* TiCaptureSessionManager.m */; };
		E38BB6D9282509EA00B7E927 /* HomeViewController.m in Sources */ = {isa = PBXBuildFile; fileRef = E38BB6D8282509EA00B7E927 /* HomeViewController.m */; };
		E38BB6DC28250BF100B7E927 /* CameraViewController.m in Sources */ = {isa = PBXBuildFile; fileRef = E38BB6DB28250BF100B7E927 /* CameraViewController.m */; };
		F495E602238E116400F42E5D /* image.xcassets in Resources */ = {isa = PBXBuildFile; fileRef = F495E601238E116400F42E5D /* image.xcassets */; };
/* End PBXBuildFile section */

/* Begin PBXCopyFilesBuildPhase section */
		75FCB0942327486C00BCCA66 /* Embed Frameworks */ = {
			isa = PBXCopyFilesBuildPhase;
			buildActionMask = 2147483647;
			dstPath = "";
			dstSubfolderSpec = 10;
			files = (
			);
			name = "Embed Frameworks";
			runOnlyForDeploymentPostprocessing = 0;
		};
/* End PBXCopyFilesBuildPhase section */

/* Begin PBXFileReference section */
		1E95657929C94959009F1054 /* LICENSE */ = {isa = PBXFileReference; lastKnownFileType = text; name = LICENSE; path = ../../LICENSE; sourceTree = "<group>"; };
		1E95657A29C94959009F1054 /* README.md */ = {isa = PBXFileReference; lastKnownFileType = net.daringfireball.markdown; name = README.md; path = ../../README.md; sourceTree = "<group>"; };
		1E95657B29C94959009F1054 /* TillusorySDK.podspec */ = {isa = PBXFileReference; lastKnownFileType = text; name = TillusorySDK.podspec; path = ../../TillusorySDK.podspec; sourceTree = "<group>"; xcLanguageSpecificationIdentifier = xcode.lang.ruby; };
		25BCA267E3805B2041CE1707 /* Pods_TiSDKDemo.framework */ = {isa = PBXFileReference; explicitFileType = wrapper.framework; includeInIndex = 0; path = Pods_TiSDKDemo.framework; sourceTree = BUILT_PRODUCTS_DIR; };
		75574078230F7DFC00F7591C /* TiDemo.app */ = {isa = PBXFileReference; explicitFileType = wrapper.application; includeInIndex = 0; path = TiDemo.app; sourceTree = BUILT_PRODUCTS_DIR; };
		7557407B230F7DFC00F7591C /* AppDelegate.h */ = {isa = PBXFileReference; lastKnownFileType = sourcecode.c.h; path = AppDelegate.h; sourceTree = "<group>"; };
		7557407C230F7DFC00F7591C /* AppDelegate.m */ = {isa = PBXFileReference; lastKnownFileType = sourcecode.c.objc; path = AppDelegate.m; sourceTree = "<group>"; };
		75574082230F7DFC00F7591C /* Base */ = {isa = PBXFileReference; lastKnownFileType = file.storyboard; name = Base; path = Base.lproj/Main.storyboard; sourceTree = "<group>"; };
		75574087230F7DFE00F7591C /* Base */ = {isa = PBXFileReference; lastKnownFileType = file.storyboard; name = Base; path = Base.lproj/LaunchScreen.storyboard; sourceTree = "<group>"; };
		75574089230F7DFE00F7591C /* Info.plist */ = {isa = PBXFileReference; lastKnownFileType = text.plist.xml; path = Info.plist; sourceTree = "<group>"; };
		7557408A230F7DFE00F7591C /* main.m */ = {isa = PBXFileReference; lastKnownFileType = sourcecode.c.objc; path = main.m; sourceTree = "<group>"; };
		75FCB27E23274CB100BCCA66 /* libc++.tbd */ = {isa = PBXFileReference; lastKnownFileType = "sourcecode.text-based-dylib-definition"; name = "libc++.tbd"; path = "usr/lib/libc++.tbd"; sourceTree = SDKROOT; };
		75FCB28023274CBD00BCCA66 /* AssetsLibrary.framework */ = {isa = PBXFileReference; lastKnownFileType = wrapper.framework; name = AssetsLibrary.framework; path = System/Library/Frameworks/AssetsLibrary.framework; sourceTree = SDKROOT; };
		C083D43977AFD495C1FEFE5B /* Pods-TiSDKDemo.release.xcconfig */ = {isa = PBXFileReference; includeInIndex = 1; lastKnownFileType = text.xcconfig; name = "Pods-TiSDKDemo.release.xcconfig"; path = "Target Support Files/Pods-TiSDKDemo/Pods-TiSDKDemo.release.xcconfig"; sourceTree = "<group>"; };
		E3505C9925E4DB04004C81ED /* AVFoundation.framework */ = {isa = PBXFileReference; lastKnownFileType = wrapper.framework; name = AVFoundation.framework; path = System/Library/Frameworks/AVFoundation.framework; sourceTree = SDKROOT; };
		E3505C9B25E4DB1A004C81ED /* Foundation.framework */ = {isa = PBXFileReference; lastKnownFileType = wrapper.framework; name = Foundation.framework; path = System/Library/Frameworks/Foundation.framework; sourceTree = SDKROOT; };
		E3505C9D25E4DD58004C81ED /* TiCaptureSessionManager.h */ = {isa = PBXFileReference; lastKnownFileType = sourcecode.c.h; path = TiCaptureSessionManager.h; sourceTree = "<group>"; };
		E3505C9E25E4DD58004C81ED /* TiCaptureSessionManager.m */ = {isa = PBXFileReference; lastKnownFileType = sourcecode.c.objc; path = TiCaptureSessionManager.m; sourceTree = "<group>"; };
		E38BB6D7282509EA00B7E927 /* HomeViewController.h */ = {isa = PBXFileReference; lastKnownFileType = sourcecode.c.h; path = HomeViewController.h; sourceTree = "<group>"; };
		E38BB6D8282509EA00B7E927 /* HomeViewController.m */ = {isa = PBXFileReference; lastKnownFileType = sourcecode.c.objc; path = HomeViewController.m; sourceTree = "<group>"; };
		E38BB6DA28250BF100B7E927 /* CameraViewController.h */ = {isa = PBXFileReference; lastKnownFileType = sourcecode.c.h; path = CameraViewController.h; sourceTree = "<group>"; };
		E38BB6DB28250BF100B7E927 /* CameraViewController.m */ = {isa = PBXFileReference; lastKnownFileType = sourcecode.c.objc; path = CameraViewController.m; sourceTree = "<group>"; };
		E6EF3688177B914F5EBBD366 /* Pods-TiSDKDemo.debug.xcconfig */ = {isa = PBXFileReference; includeInIndex = 1; lastKnownFileType = text.xcconfig; name = "Pods-TiSDKDemo.debug.xcconfig"; path = "Target Support Files/Pods-TiSDKDemo/Pods-TiSDKDemo.debug.xcconfig"; sourceTree = "<group>"; };
		F495E601238E116400F42E5D /* image.xcassets */ = {isa = PBXFileReference; lastKnownFileType = folder.assetcatalog; path = image.xcassets; sourceTree = "<group>"; };
/* End PBXFileReference section */

/* Begin PBXFrameworksBuildPhase section */
		75574075230F7DFC00F7591C /* Frameworks */ = {
			isa = PBXFrameworksBuildPhase;
			buildActionMask = 2147483647;
			files = (
				75FCB28123274CBD00BCCA66 /* AssetsLibrary.framework in Frameworks */,
				75FCB27F23274CB100BCCA66 /* libc++.tbd in Frameworks */,
				49E531252472A2A634D58405 /* Pods_TiSDKDemo.framework in Frameworks */,
			);
			runOnlyForDeploymentPostprocessing = 0;
		};
/* End PBXFrameworksBuildPhase section */

/* Begin PBXGroup section */
		1E95657829C9492C009F1054 /* Podspec Metadata */ = {
			isa = PBXGroup;
			children = (
				1E95657929C94959009F1054 /* LICENSE */,
				1E95657A29C94959009F1054 /* README.md */,
				1E95657B29C94959009F1054 /* TillusorySDK.podspec */,
			);
			name = "Podspec Metadata";
			sourceTree = "<group>";
		};
		7557406F230F7DFC00F7591C = {
			isa = PBXGroup;
			children = (
				7557407A230F7DFC00F7591C /* TiSDKDemo */,
				75574079230F7DFC00F7591C /* Products */,
				75FCB27D23274CB100BCCA66 /* Frameworks */,
				B65FA11986C71C21D434E46D /* Pods */,
			);
			sourceTree = "<group>";
		};
		75574079230F7DFC00F7591C /* Products */ = {
			isa = PBXGroup;
			children = (
				75574078230F7DFC00F7591C /* TiDemo.app */,
			);
			name = Products;
			sourceTree = "<group>";
		};
		7557407A230F7DFC00F7591C /* TiSDKDemo */ = {
			isa = PBXGroup;
			children = (
				1E95657829C9492C009F1054 /* Podspec Metadata */,
				E3505CA125E4DE10004C81ED /* ViewController */,
				F495E601238E116400F42E5D /* image.xcassets */,
				7557407B230F7DFC00F7591C /* AppDelegate.h */,
				7557407C230F7DFC00F7591C /* AppDelegate.m */,
				75574081230F7DFC00F7591C /* Main.storyboard */,
				75574086230F7DFE00F7591C /* LaunchScreen.storyboard */,
				75574089230F7DFE00F7591C /* Info.plist */,
				7557408A230F7DFE00F7591C /* main.m */,
			);
			path = TiSDKDemo;
			sourceTree = "<group>";
		};
		75FCB27D23274CB100BCCA66 /* Frameworks */ = {
			isa = PBXGroup;
			children = (
				E3505C9B25E4DB1A004C81ED /* Foundation.framework */,
				E3505C9925E4DB04004C81ED /* AVFoundation.framework */,
				75FCB28023274CBD00BCCA66 /* AssetsLibrary.framework */,
				75FCB27E23274CB100BCCA66 /* libc++.tbd */,
				25BCA267E3805B2041CE1707 /* Pods_TiSDKDemo.framework */,
			);
			name = Frameworks;
			sourceTree = "<group>";
		};
		B65FA11986C71C21D434E46D /* Pods */ = {
			isa = PBXGroup;
			children = (
				E6EF3688177B914F5EBBD366 /* Pods-TiSDKDemo.debug.xcconfig */,
				C083D43977AFD495C1FEFE5B /* Pods-TiSDKDemo.release.xcconfig */,
			);
			path = Pods;
			sourceTree = "<group>";
		};
		E3505CA125E4DE10004C81ED /* ViewController */ = {
			isa = PBXGroup;
			children = (
				E3505C9D25E4DD58004C81ED /* TiCaptureSessionManager.h */,
				E3505C9E25E4DD58004C81ED /* TiCaptureSessionManager.m */,
				E38BB6D7282509EA00B7E927 /* HomeViewController.h */,
				E38BB6D8282509EA00B7E927 /* HomeViewController.m */,
				E38BB6DA28250BF100B7E927 /* CameraViewController.h */,
				E38BB6DB28250BF100B7E927 /* CameraViewController.m */,
			);
			path = ViewController;
			sourceTree = "<group>";
		};
/* End PBXGroup section */

/* Begin PBXNativeTarget section */
		75574077230F7DFC00F7591C /* TiSDKDemo */ = {
			isa = PBXNativeTarget;
			buildConfigurationList = 7557408E230F7DFE00F7591C /* Build configuration list for PBXNativeTarget "TiSDKDemo" */;
			buildPhases = (
				2E122758691B13CCF0399375 /* [CP] Check Pods Manifest.lock */,
				75574074230F7DFC00F7591C /* Sources */,
				75574075230F7DFC00F7591C /* Frameworks */,
				75574076230F7DFC00F7591C /* Resources */,
				75FCB0942327486C00BCCA66 /* Embed Frameworks */,
				1C77F90DEAE06BFCCD73BB76 /* [CP] Embed Pods Frameworks */,
				4BDAEC158D1A90B8533F1960 /* [CP] Copy Pods Resources */,
			);
			buildRules = (
			);
			dependencies = (
			);
			name = TiSDKDemo;
			productName = TiSDKDemo;
			productReference = 75574078230F7DFC00F7591C /* TiDemo.app */;
			productType = "com.apple.product-type.application";
		};
/* End PBXNativeTarget section */

/* Begin PBXProject section */
		75574070230F7DFC00F7591C /* Project object */ = {
			isa = PBXProject;
			attributes = {
				LastUpgradeCheck = 1410;
				ORGANIZATIONNAME = "Tillusory Tech.";
				TargetAttributes = {
					75574077230F7DFC00F7591C = {
						CreatedOnToolsVersion = 10.3;
						LastSwiftMigration = 1300;
					};
				};
			};
			buildConfigurationList = 75574073230F7DFC00F7591C /* Build configuration list for PBXProject "TiSDKDemo" */;
			compatibilityVersion = "Xcode 9.3";
			developmentRegion = en;
			hasScannedForEncodings = 0;
			knownRegions = (
				en,
				Base,
				"zh-Hans",
			);
			mainGroup = 7557406F230F7DFC00F7591C;
			productRefGroup = 75574079230F7DFC00F7591C /* Products */;
			projectDirPath = "";
			projectRoot = "";
			targets = (
				75574077230F7DFC00F7591C /* TiSDKDemo */,
			);
		};
/* End PBXProject section */

/* Begin PBXResourcesBuildPhase section */
		75574076230F7DFC00F7591C /* Resources */ = {
			isa = PBXResourcesBuildPhase;
			buildActionMask = 2147483647;
			files = (
				75574088230F7DFE00F7591C /* LaunchScreen.storyboard in Resources */,
				F495E602238E116400F42E5D /* image.xcassets in Resources */,
				75574083230F7DFC00F7591C /* Main.storyboard in Resources */,
			);
			runOnlyForDeploymentPostprocessing = 0;
		};
/* End PBXResourcesBuildPhase section */

/* Begin PBXShellScriptBuildPhase section */
		1C77F90DEAE06BFCCD73BB76 /* [CP] Embed Pods Frameworks */ = {
			isa = PBXShellScriptBuildPhase;
			buildActionMask = 2147483647;
			files = (
			);
			inputFileListPaths = (
				"${PODS_ROOT}/Target Support Files/Pods-TiSDKDemo/Pods-TiSDKDemo-frameworks-${CONFIGURATION}-input-files.xcfilelist",
			);
			name = "[CP] Embed Pods Frameworks";
			outputFileListPaths = (
				"${PODS_ROOT}/Target Support Files/Pods-TiSDKDemo/Pods-TiSDKDemo-frameworks-${CONFIGURATION}-output-files.xcfilelist",
			);
			runOnlyForDeploymentPostprocessing = 0;
			shellPath = /bin/sh;
			shellScript = "\"${PODS_ROOT}/Target Support Files/Pods-TiSDKDemo/Pods-TiSDKDemo-frameworks.sh\"\n";
			showEnvVarsInLog = 0;
		};
		2E122758691B13CCF0399375 /* [CP] Check Pods Manifest.lock */ = {
			isa = PBXShellScriptBuildPhase;
			buildActionMask = 2147483647;
			files = (
			);
			inputFileListPaths = (
			);
			inputPaths = (
				"${PODS_PODFILE_DIR_PATH}/Podfile.lock",
				"${PODS_ROOT}/Manifest.lock",
			);
			name = "[CP] Check Pods Manifest.lock";
			outputFileListPaths = (
			);
			outputPaths = (
				"$(DERIVED_FILE_DIR)/Pods-TiSDKDemo-checkManifestLockResult.txt",
			);
			runOnlyForDeploymentPostprocessing = 0;
			shellPath = /bin/sh;
			shellScript = "diff \"${PODS_PODFILE_DIR_PATH}/Podfile.lock\" \"${PODS_ROOT}/Manifest.lock\" > /dev/null\nif [ $? != 0 ] ; then\n    # print error to STDERR\n    echo \"error: The sandbox is not in sync with the Podfile.lock. Run 'pod install' or update your CocoaPods installation.\" >&2\n    exit 1\nfi\n# This output is used by Xcode 'outputs' to avoid re-running this script phase.\necho \"SUCCESS\" > \"${SCRIPT_OUTPUT_FILE_0}\"\n";
			showEnvVarsInLog = 0;
		};
		4BDAEC158D1A90B8533F1960 /* [CP] Copy Pods Resources */ = {
			isa = PBXShellScriptBuildPhase;
			buildActionMask = 2147483647;
			files = (
			);
			inputFileListPaths = (
				"${PODS_ROOT}/Target Support Files/Pods-TiSDKDemo/Pods-TiSDKDemo-resources-${CONFIGURATION}-input-files.xcfilelist",
			);
			name = "[CP] Copy Pods Resources";
			outputFileListPaths = (
				"${PODS_ROOT}/Target Support Files/Pods-TiSDKDemo/Pods-TiSDKDemo-resources-${CONFIGURATION}-output-files.xcfilelist",
			);
			runOnlyForDeploymentPostprocessing = 0;
			shellPath = /bin/sh;
			shellScript = "\"${PODS_ROOT}/Target Support Files/Pods-TiSDKDemo/Pods-TiSDKDemo-resources.sh\"\n";
			showEnvVarsInLog = 0;
		};
/* End PBXShellScriptBuildPhase section */

/* Begin PBXSourcesBuildPhase section */
		75574074230F7DFC00F7591C /* Sources */ = {
			isa = PBXSourcesBuildPhase;
			buildActionMask = 2147483647;
			files = (
				E38BB6DC28250BF100B7E927 /* CameraViewController.m in Sources */,
				E3505C9F25E4DD58004C81ED /* TiCaptureSessionManager.m in Sources */,
				7557408B230F7DFE00F7591C /* main.m in Sources */,
				E38BB6D9282509EA00B7E927 /* HomeViewController.m in Sources */,
				7557407D230F7DFC00F7591C /* AppDelegate.m in Sources */,
			);
			runOnlyForDeploymentPostprocessing = 0;
		};
/* End PBXSourcesBuildPhase section */

/* Begin PBXVariantGroup section */
		75574081230F7DFC00F7591C /* Main.storyboard */ = {
			isa = PBXVariantGroup;
			children = (
				75574082230F7DFC00F7591C /* Base */,
			);
			name = Main.storyboard;
			sourceTree = "<group>";
		};
		75574086230F7DFE00F7591C /* LaunchScreen.storyboard */ = {
			isa = PBXVariantGroup;
			children = (
				75574087230F7DFE00F7591C /* Base */,
			);
			name = LaunchScreen.storyboard;
			sourceTree = "<group>";
		};
/* End PBXVariantGroup section */

/* Begin XCBuildConfiguration section */
		7557408C230F7DFE00F7591C /* Debug */ = {
			isa = XCBuildConfiguration;
			buildSettings = {
				ALWAYS_SEARCH_USER_PATHS = NO;
				CLANG_ANALYZER_LOCALIZABILITY_NONLOCALIZED = YES;
				CLANG_ANALYZER_NONNULL = YES;
				CLANG_ANALYZER_NUMBER_OBJECT_CONVERSION = YES_AGGRESSIVE;
				CLANG_CXX_LANGUAGE_STANDARD = "gnu++14";
				CLANG_CXX_LIBRARY = "libc++";
				CLANG_ENABLE_MODULES = YES;
				CLANG_ENABLE_OBJC_ARC = YES;
				CLANG_ENABLE_OBJC_WEAK = YES;
				CLANG_WARN_BLOCK_CAPTURE_AUTORELEASING = YES;
				CLANG_WARN_BOOL_CONVERSION = YES;
				CLANG_WARN_COMMA = YES;
				CLANG_WARN_CONSTANT_CONVERSION = YES;
				CLANG_WARN_DEPRECATED_OBJC_IMPLEMENTATIONS = YES;
				CLANG_WARN_DIRECT_OBJC_ISA_USAGE = YES_ERROR;
				CLANG_WARN_DOCUMENTATION_COMMENTS = YES;
				CLANG_WARN_EMPTY_BODY = YES;
				CLANG_WARN_ENUM_CONVERSION = YES;
				CLANG_WARN_INFINITE_RECURSION = YES;
				CLANG_WARN_INT_CONVERSION = YES;
				CLANG_WARN_NON_LITERAL_NULL_CONVERSION = YES;
				CLANG_WARN_OBJC_IMPLICIT_RETAIN_SELF = YES;
				CLANG_WARN_OBJC_LITERAL_CONVERSION = YES;
				CLANG_WARN_OBJC_ROOT_CLASS = YES_ERROR;
				CLANG_WARN_QUOTED_INCLUDE_IN_FRAMEWORK_HEADER = YES;
				CLANG_WARN_RANGE_LOOP_ANALYSIS = YES;
				CLANG_WARN_STRICT_PROTOTYPES = YES;
				CLANG_WARN_SUSPICIOUS_MOVE = YES;
				CLANG_WARN_UNGUARDED_AVAILABILITY = YES_AGGRESSIVE;
				CLANG_WARN_UNREACHABLE_CODE = YES;
				CLANG_WARN__DUPLICATE_METHOD_MATCH = YES;
				CODE_SIGN_IDENTITY = "iPhone Developer";
				COPY_PHASE_STRIP = NO;
				DEBUG_INFORMATION_FORMAT = dwarf;
				ENABLE_STRICT_OBJC_MSGSEND = YES;
				ENABLE_TESTABILITY = YES;
				GCC_C_LANGUAGE_STANDARD = gnu11;
				GCC_DYNAMIC_NO_PIC = NO;
				GCC_NO_COMMON_BLOCKS = YES;
				GCC_OPTIMIZATION_LEVEL = 0;
				GCC_PREPROCESSOR_DEFINITIONS = (
					"DEBUG=1",
					"$(inherited)",
				);
				GCC_WARN_64_TO_32_BIT_CONVERSION = YES;
				GCC_WARN_ABOUT_RETURN_TYPE = YES_ERROR;
				GCC_WARN_UNDECLARED_SELECTOR = YES;
				GCC_WARN_UNINITIALIZED_AUTOS = YES_AGGRESSIVE;
				GCC_WARN_UNUSED_FUNCTION = YES;
				GCC_WARN_UNUSED_VARIABLE = YES;
				IPHONEOS_DEPLOYMENT_TARGET = 11.0;
				MTL_ENABLE_DEBUG_INFO = INCLUDE_SOURCE;
				MTL_FAST_MATH = YES;
				ONLY_ACTIVE_ARCH = YES;
				SDKROOT = iphoneos;
			};
			name = Debug;
		};
		7557408D230F7DFE00F7591C /* Release */ = {
			isa = XCBuildConfiguration;
			buildSettings = {
				ALWAYS_SEARCH_USER_PATHS = NO;
				CLANG_ANALYZER_LOCALIZABILITY_NONLOCALIZED = YES;
				CLANG_ANALYZER_NONNULL = YES;
				CLANG_ANALYZER_NUMBER_OBJECT_CONVERSION = YES_AGGRESSIVE;
				CLANG_CXX_LANGUAGE_STANDARD = "gnu++14";
				CLANG_CXX_LIBRARY = "libc++";
				CLANG_ENABLE_MODULES = YES;
				CLANG_ENABLE_OBJC_ARC = YES;
				CLANG_ENABLE_OBJC_WEAK = YES;
				CLANG_WARN_BLOCK_CAPTURE_AUTORELEASING = YES;
				CLANG_WARN_BOOL_CONVERSION = YES;
				CLANG_WARN_COMMA = YES;
				CLANG_WARN_CONSTANT_CONVERSION = YES;
				CLANG_WARN_DEPRECATED_OBJC_IMPLEMENTATIONS = YES;
				CLANG_WARN_DIRECT_OBJC_ISA_USAGE = YES_ERROR;
				CLANG_WARN_DOCUMENTATION_COMMENTS = YES;
				CLANG_WARN_EMPTY_BODY = YES;
				CLANG_WARN_ENUM_CONVERSION = YES;
				CLANG_WARN_INFINITE_RECURSION = YES;
				CLANG_WARN_INT_CONVERSION = YES;
				CLANG_WARN_NON_LITERAL_NULL_CONVERSION = YES;
				CLANG_WARN_OBJC_IMPLICIT_RETAIN_SELF = YES;
				CLANG_WARN_OBJC_LITERAL_CONVERSION = YES;
				CLANG_WARN_OBJC_ROOT_CLASS = YES_ERROR;
				CLANG_WARN_QUOTED_INCLUDE_IN_FRAMEWORK_HEADER = YES;
				CLANG_WARN_RANGE_LOOP_ANALYSIS = YES;
				CLANG_WARN_STRICT_PROTOTYPES = YES;
				CLANG_WARN_SUSPICIOUS_MOVE = YES;
				CLANG_WARN_UNGUARDED_AVAILABILITY = YES_AGGRESSIVE;
				CLANG_WARN_UNREACHABLE_CODE = YES;
				CLANG_WARN__DUPLICATE_METHOD_MATCH = YES;
				CODE_SIGN_IDENTITY = "iPhone Developer";
				COPY_PHASE_STRIP = NO;
				DEBUG_INFORMATION_FORMAT = "dwarf-with-dsym";
				ENABLE_NS_ASSERTIONS = NO;
				ENABLE_STRICT_OBJC_MSGSEND = YES;
				GCC_C_LANGUAGE_STANDARD = gnu11;
				GCC_NO_COMMON_BLOCKS = YES;
				GCC_WARN_64_TO_32_BIT_CONVERSION = YES;
				GCC_WARN_ABOUT_RETURN_TYPE = YES_ERROR;
				GCC_WARN_UNDECLARED_SELECTOR = YES;
				GCC_WARN_UNINITIALIZED_AUTOS = YES_AGGRESSIVE;
				GCC_WARN_UNUSED_FUNCTION = YES;
				GCC_WARN_UNUSED_VARIABLE = YES;
				IPHONEOS_DEPLOYMENT_TARGET = 11.0;
				MTL_ENABLE_DEBUG_INFO = NO;
				MTL_FAST_MATH = YES;
				SDKROOT = iphoneos;
				VALIDATE_PRODUCT = YES;
			};
			name = Release;
		};
		7557408F230F7DFE00F7591C /* Debug */ = {
			isa = XCBuildConfiguration;
			baseConfigurationReference = E6EF3688177B914F5EBBD366 /* Pods-TiSDKDemo.debug.xcconfig */;
			buildSettings = {
				ASSETCATALOG_COMPILER_APPICON_NAME = AppIcon;
				CLANG_ENABLE_MODULES = YES;
				CODE_SIGN_STYLE = Automatic;
				DEVELOPMENT_ASSET_PATHS = "";
				DEVELOPMENT_TEAM = 2825F93942;
				ENABLE_BITCODE = NO;
				FRAMEWORK_SEARCH_PATHS = (
					"$(inherited)",
					"$(PROJECT_DIR)/TiSDKDemo/GPUImage_BGRA",
					"$(PROJECT_DIR)/TiSDKDemo/TiLiveSDK_Standard2070030300/TiLiveUI/TiUITool",
					"$(PROJECT_DIR)/TiSDKDemo/TiLiveSDK_Standard2070030300",
					"$(PROJECT_DIR)/TiSDKDemo/TiSDK/TiLiveUI/TiUITool",
					"$(PROJECT_DIR)/TiSDKDemo/TiSDK",
					"$(PROJECT_DIR)/TiSDKDemo/TiSDK_iOS/TiLiveUI/TiUITool",
					"$(PROJECT_DIR)/TiSDKDemo/TiSDK_iOS",
					"$(PROJECT_DIR)/TiSDKDemo/TiSDK_iOS/TiUILive/TiUITool",
					"$(PROJECT_DIR)/TiSDK_iOS/TiUILive/TiUITool",
					"$(PROJECT_DIR)/TiSDK_iOS",
					"$(PROJECT_DIR)/TiSDKDemo/TiSDK_iOS/TiUI/TiUITool/TiThird",
				);
				INFOPLIST_FILE = TiSDKDemo/Info.plist;
				INFOPLIST_KEY_CFBundleDisplayName = TiDemo;
				IPHONEOS_DEPLOYMENT_TARGET = 12.0;
				LD_RUNPATH_SEARCH_PATHS = (
					"$(inherited)",
					"@executable_path/Frameworks",
				);
				LIBRARY_SEARCH_PATHS = (
					"$(inherited)",
					"$(PROJECT_DIR)/TiSDKDemo/TiLiveSDK_Standard2070030300/TiLiveLib",
					"$(PROJECT_DIR)/TiSDKDemo/TiSDK/TiLiveLib",
					"$(PROJECT_DIR)/TiSDKDemo/TiSDK_iOS/TiLiveLib",
				);
				ONLY_ACTIVE_ARCH = YES;
				OTHER_LDFLAGS = (
					"-ObjC",
					"$(inherited)",
				);
				PRODUCT_BUNDLE_IDENTIFIER = cn.tillusory.demo;
				PRODUCT_NAME = TiDemo;
				SWIFT_OBJC_BRIDGING_HEADER = "TiSDKDemo/ViewController/TiSDKDemo-Bridging-Header.h";
				SWIFT_OPTIMIZATION_LEVEL = "-Onone";
				SWIFT_VERSION = 5.0;
				TARGETED_DEVICE_FAMILY = 1;
			};
			name = Debug;
		};
		75574090230F7DFE00F7591C /* Release */ = {
			isa = XCBuildConfiguration;
			baseConfigurationReference = C083D43977AFD495C1FEFE5B /* Pods-TiSDKDemo.release.xcconfig */;
			buildSettings = {
				ASSETCATALOG_COMPILER_APPICON_NAME = AppIcon;
				CLANG_ENABLE_MODULES = YES;
				CODE_SIGN_STYLE = Automatic;
				DEVELOPMENT_ASSET_PATHS = "";
				DEVELOPMENT_TEAM = 2825F93942;
				ENABLE_BITCODE = NO;
				FRAMEWORK_SEARCH_PATHS = (
					"$(inherited)",
					"$(PROJECT_DIR)/TiSDKDemo/GPUImage_BGRA",
					"$(PROJECT_DIR)/TiSDKDemo/TiLiveSDK_Standard2070030300/TiLiveUI/TiUITool",
					"$(PROJECT_DIR)/TiSDKDemo/TiLiveSDK_Standard2070030300",
					"$(PROJECT_DIR)/TiSDKDemo/TiSDK/TiLiveUI/TiUITool",
					"$(PROJECT_DIR)/TiSDKDemo/TiSDK",
					"$(PROJECT_DIR)/TiSDKDemo/TiSDK_iOS/TiLiveUI/TiUITool",
					"$(PROJECT_DIR)/TiSDKDemo/TiSDK_iOS",
					"$(PROJECT_DIR)/TiSDKDemo/TiSDK_iOS/TiUILive/TiUITool",
					"$(PROJECT_DIR)/TiSDK_iOS/TiUILive/TiUITool",
					"$(PROJECT_DIR)/TiSDK_iOS",
					"$(PROJECT_DIR)/TiSDKDemo/TiSDK_iOS/TiUI/TiUITool/TiThird",
				);
				INFOPLIST_FILE = TiSDKDemo/Info.plist;
				INFOPLIST_KEY_CFBundleDisplayName = TiDemo;
				IPHONEOS_DEPLOYMENT_TARGET = 12.0;
				LD_RUNPATH_SEARCH_PATHS = (
					"$(inherited)",
					"@executable_path/Frameworks",
				);
				LIBRARY_SEARCH_PATHS = (
					"$(inherited)",
					"$(PROJECT_DIR)/TiSDKDemo/TiLiveSDK_Standard2070030300/TiLiveLib",
					"$(PROJECT_DIR)/TiSDKDemo/TiSDK/TiLiveLib",
					"$(PROJECT_DIR)/TiSDKDemo/TiSDK_iOS/TiLiveLib",
				);
				OTHER_LDFLAGS = (
					"-ObjC",
					"$(inherited)",
				);
				PRODUCT_BUNDLE_IDENTIFIER = cn.tillusory.demo;
				PRODUCT_NAME = TiDemo;
				SWIFT_OBJC_BRIDGING_HEADER = "TiSDKDemo/ViewController/TiSDKDemo-Bridging-Header.h";
				SWIFT_VERSION = 5.0;
				TARGETED_DEVICE_FAMILY = 1;
			};
			name = Release;
		};
/* End XCBuildConfiguration section */

/* Begin XCConfigurationList section */
		75574073230F7DFC00F7591C /* Build configuration list for PBXProject "TiSDKDemo" */ = {
			isa = XCConfigurationList;
			buildConfigurations = (
				7557408C230F7DFE00F7591C /* Debug */,
				7557408D230F7DFE00F7591C /* Release */,
			);
			defaultConfigurationIsVisible = 0;
			defaultConfigurationName = Release;
		};
		7557408E230F7DFE00F7591C /* Build configuration list for PBXNativeTarget "TiSDKDemo" */ = {
			isa = XCConfigurationList;
			buildConfigurations = (
				7557408F230F7DFE00F7591C /* Debug */,
				75574090230F7DFE00F7591C /* Release */,
			);
			defaultConfigurationIsVisible = 0;
			defaultConfigurationName = Release;
		};
/* End XCConfigurationList section */
	};
	rootObject = 75574070230F7DFC00F7591C /* Project object */;
}
